// !$*UTF8*$!
{
	archiveVersion = 1;
	classes = {
	};
	objectVersion = 50;
	objects = {

/* Begin PBXBuildFile section */
		5C95E66122CD306100B54D57 /* DateFormatter.swift in Sources */ = {isa = PBXBuildFile; fileRef = 5C95E66022CD306100B54D57 /* DateFormatter.swift */; };
		A4814C4422972D90004D8A25 /* CalendarViewController.swift in Sources */ = {isa = PBXBuildFile; fileRef = A4814C4322972D90004D8A25 /* CalendarViewController.swift */; };
		A4814C4822972E40004D8A25 /* CalendarViewController.storyboard in Resources */ = {isa = PBXBuildFile; fileRef = A4814C4722972E40004D8A25 /* CalendarViewController.storyboard */; };
		A4B8CBFC22146FF4004E9741 /* AppDelegate.swift in Sources */ = {isa = PBXBuildFile; fileRef = A4B8CBFB22146FF4004E9741 /* AppDelegate.swift */; };
		A4B8CC0022146FF4004E9741 /* ViewController.swift in Sources */ = {isa = PBXBuildFile; fileRef = A4B8CBFF22146FF4004E9741 /* ViewController.swift */; };
		A4B8CC0322146FF4004E9741 /* Main.storyboard in Resources */ = {isa = PBXBuildFile; fileRef = A4B8CC0122146FF4004E9741 /* Main.storyboard */; };
		A4B8CC0522146FF6004E9741 /* Assets.xcassets in Resources */ = {isa = PBXBuildFile; fileRef = A4B8CC0422146FF6004E9741 /* Assets.xcassets */; };
		A4B8CC0822146FF6004E9741 /* LaunchScreen.storyboard in Resources */ = {isa = PBXBuildFile; fileRef = A4B8CC0622146FF6004E9741 /* LaunchScreen.storyboard */; };
		A4B8CC1322146FF6004E9741 /* _DCalendarTests.swift in Sources */ = {isa = PBXBuildFile; fileRef = A4B8CC1222146FF6004E9741 /* _DCalendarTests.swift */; };
		A4B8CC1E22146FF6004E9741 /* _DCalendarUITests.swift in Sources */ = {isa = PBXBuildFile; fileRef = A4B8CC1D22146FF6004E9741 /* _DCalendarUITests.swift */; };
		A4B8CC2C22147024004E9741 /* dodecahedron.scnassets in Resources */ = {isa = PBXBuildFile; fileRef = A4B8CC2B22147024004E9741 /* dodecahedron.scnassets */; };
		A4B971DC230DBA4600BFE639 /* Color.swift in Sources */ = {isa = PBXBuildFile; fileRef = A4B971DB230DBA4600BFE639 /* Color.swift */; };
		A4F8FF5322CBF191001D3DDD /* DateCollectionViewCell.swift in Sources */ = {isa = PBXBuildFile; fileRef = A4F8FF5222CBF191001D3DDD /* DateCollectionViewCell.swift */; };
/* End PBXBuildFile section */

/* Begin PBXContainerItemProxy section */
		A4B8CC0F22146FF6004E9741 /* PBXContainerItemProxy */ = {
			isa = PBXContainerItemProxy;
			containerPortal = A4B8CBF022146FF4004E9741 /* Project object */;
			proxyType = 1;
			remoteGlobalIDString = A4B8CBF722146FF4004E9741;
			remoteInfo = 3DCalendar;
		};
		A4B8CC1A22146FF6004E9741 /* PBXContainerItemProxy */ = {
			isa = PBXContainerItemProxy;
			containerPortal = A4B8CBF022146FF4004E9741 /* Project object */;
			proxyType = 1;
			remoteGlobalIDString = A4B8CBF722146FF4004E9741;
			remoteInfo = 3DCalendar;
		};
/* End PBXContainerItemProxy section */

/* Begin PBXFileReference section */
		5C95E66022CD306100B54D57 /* DateFormatter.swift */ = {isa = PBXFileReference; lastKnownFileType = sourcecode.swift; path = DateFormatter.swift; sourceTree = "<group>"; };
		A4814C4322972D90004D8A25 /* CalendarViewController.swift */ = {isa = PBXFileReference; fileEncoding = 4; lastKnownFileType = sourcecode.swift; path = CalendarViewController.swift; sourceTree = "<group>"; };
		A4814C4722972E40004D8A25 /* CalendarViewController.storyboard */ = {isa = PBXFileReference; fileEncoding = 4; lastKnownFileType = file.storyboard; path = CalendarViewController.storyboard; sourceTree = "<group>"; };
		A4B8CBF822146FF4004E9741 /* 3DCalendar.app */ = {isa = PBXFileReference; explicitFileType = wrapper.application; includeInIndex = 0; path = 3DCalendar.app; sourceTree = BUILT_PRODUCTS_DIR; };
		A4B8CBFB22146FF4004E9741 /* AppDelegate.swift */ = {isa = PBXFileReference; lastKnownFileType = sourcecode.swift; path = AppDelegate.swift; sourceTree = "<group>"; };
		A4B8CBFF22146FF4004E9741 /* ViewController.swift */ = {isa = PBXFileReference; lastKnownFileType = sourcecode.swift; path = ViewController.swift; sourceTree = "<group>"; };
		A4B8CC0222146FF4004E9741 /* Base */ = {isa = PBXFileReference; lastKnownFileType = file.storyboard; name = Base; path = Base.lproj/Main.storyboard; sourceTree = "<group>"; };
		A4B8CC0422146FF6004E9741 /* Assets.xcassets */ = {isa = PBXFileReference; lastKnownFileType = folder.assetcatalog; path = Assets.xcassets; sourceTree = "<group>"; };
		A4B8CC0722146FF6004E9741 /* Base */ = {isa = PBXFileReference; lastKnownFileType = file.storyboard; name = Base; path = Base.lproj/LaunchScreen.storyboard; sourceTree = "<group>"; };
		A4B8CC0922146FF6004E9741 /* Info.plist */ = {isa = PBXFileReference; lastKnownFileType = text.plist.xml; path = Info.plist; sourceTree = "<group>"; };
		A4B8CC0E22146FF6004E9741 /* 3DCalendarTests.xctest */ = {isa = PBXFileReference; explicitFileType = wrapper.cfbundle; includeInIndex = 0; path = 3DCalendarTests.xctest; sourceTree = BUILT_PRODUCTS_DIR; };
		A4B8CC1222146FF6004E9741 /* _DCalendarTests.swift */ = {isa = PBXFileReference; lastKnownFileType = sourcecode.swift; path = _DCalendarTests.swift; sourceTree = "<group>"; };
		A4B8CC1422146FF6004E9741 /* Info.plist */ = {isa = PBXFileReference; lastKnownFileType = text.plist.xml; path = Info.plist; sourceTree = "<group>"; };
		A4B8CC1922146FF6004E9741 /* 3DCalendarUITests.xctest */ = {isa = PBXFileReference; explicitFileType = wrapper.cfbundle; includeInIndex = 0; path = 3DCalendarUITests.xctest; sourceTree = BUILT_PRODUCTS_DIR; };
		A4B8CC1D22146FF6004E9741 /* _DCalendarUITests.swift */ = {isa = PBXFileReference; lastKnownFileType = sourcecode.swift; path = _DCalendarUITests.swift; sourceTree = "<group>"; };
		A4B8CC1F22146FF6004E9741 /* Info.plist */ = {isa = PBXFileReference; lastKnownFileType = text.plist.xml; path = Info.plist; sourceTree = "<group>"; };
		A4B8CC2B22147024004E9741 /* dodecahedron.scnassets */ = {isa = PBXFileReference; lastKnownFileType = wrapper.scnassets; path = dodecahedron.scnassets; sourceTree = "<group>"; };
		A4B971DB230DBA4600BFE639 /* Color.swift */ = {isa = PBXFileReference; lastKnownFileType = sourcecode.swift; path = Color.swift; sourceTree = "<group>"; };
		A4F8FF5222CBF191001D3DDD /* DateCollectionViewCell.swift */ = {isa = PBXFileReference; lastKnownFileType = sourcecode.swift; path = DateCollectionViewCell.swift; sourceTree = "<group>"; };
/* End PBXFileReference section */

/* Begin PBXFrameworksBuildPhase section */
		A4B8CBF522146FF4004E9741 /* Frameworks */ = {
			isa = PBXFrameworksBuildPhase;
			buildActionMask = 2147483647;
			files = (
			);
			runOnlyForDeploymentPostprocessing = 0;
		};
		A4B8CC0B22146FF6004E9741 /* Frameworks */ = {
			isa = PBXFrameworksBuildPhase;
			buildActionMask = 2147483647;
			files = (
			);
			runOnlyForDeploymentPostprocessing = 0;
		};
		A4B8CC1622146FF6004E9741 /* Frameworks */ = {
			isa = PBXFrameworksBuildPhase;
			buildActionMask = 2147483647;
			files = (
			);
			runOnlyForDeploymentPostprocessing = 0;
		};
/* End PBXFrameworksBuildPhase section */

/* Begin PBXGroup section */
		A4B8CBEF22146FF4004E9741 = {
			isa = PBXGroup;
			children = (
				A4B8CC2B22147024004E9741 /* dodecahedron.scnassets */,
				A4B8CBFA22146FF4004E9741 /* 3DCalendar */,
				A4B8CC1122146FF6004E9741 /* 3DCalendarTests */,
				A4B8CC1C22146FF6004E9741 /* 3DCalendarUITests */,
				A4B8CBF922146FF4004E9741 /* Products */,
			);
			sourceTree = "<group>";
		};
		A4B8CBF922146FF4004E9741 /* Products */ = {
			isa = PBXGroup;
			children = (
				A4B8CBF822146FF4004E9741 /* 3DCalendar.app */,
				A4B8CC0E22146FF6004E9741 /* 3DCalendarTests.xctest */,
				A4B8CC1922146FF6004E9741 /* 3DCalendarUITests.xctest */,
			);
			name = Products;
			sourceTree = "<group>";
		};
		A4B8CBFA22146FF4004E9741 /* 3DCalendar */ = {
			isa = PBXGroup;
			children = (
				A4B8CBFB22146FF4004E9741 /* AppDelegate.swift */,
				A4B8CBFF22146FF4004E9741 /* ViewController.swift */,
				A4814C4722972E40004D8A25 /* CalendarViewController.storyboard */,
				A4814C4322972D90004D8A25 /* CalendarViewController.swift */,
				A4F8FF5222CBF191001D3DDD /* DateCollectionViewCell.swift */,
				A4B8CC0122146FF4004E9741 /* Main.storyboard */,
				A4B8CC0422146FF6004E9741 /* Assets.xcassets */,
				A4B8CC0622146FF6004E9741 /* LaunchScreen.storyboard */,
				A4B8CC0922146FF6004E9741 /* Info.plist */,
				5C95E66022CD306100B54D57 /* DateFormatter.swift */,
				A4B971DB230DBA4600BFE639 /* Color.swift */,
			);
			path = 3DCalendar;
			sourceTree = "<group>";
		};
		A4B8CC1122146FF6004E9741 /* 3DCalendarTests */ = {
			isa = PBXGroup;
			children = (
				A4B8CC1222146FF6004E9741 /* _DCalendarTests.swift */,
				A4B8CC1422146FF6004E9741 /* Info.plist */,
			);
			path = 3DCalendarTests;
			sourceTree = "<group>";
		};
		A4B8CC1C22146FF6004E9741 /* 3DCalendarUITests */ = {
			isa = PBXGroup;
			children = (
				A4B8CC1D22146FF6004E9741 /* _DCalendarUITests.swift */,
				A4B8CC1F22146FF6004E9741 /* Info.plist */,
			);
			path = 3DCalendarUITests;
			sourceTree = "<group>";
		};
/* End PBXGroup section */

/* Begin PBXNativeTarget section */
		A4B8CBF722146FF4004E9741 /* 3DCalendar */ = {
			isa = PBXNativeTarget;
			buildConfigurationList = A4B8CC2222146FF6004E9741 /* Build configuration list for PBXNativeTarget "3DCalendar" */;
			buildPhases = (
				A4B8CBF422146FF4004E9741 /* Sources */,
				A4B8CBF522146FF4004E9741 /* Frameworks */,
				A4B8CBF622146FF4004E9741 /* Resources */,
			);
			buildRules = (
			);
			dependencies = (
			);
			name = 3DCalendar;
			productName = 3DCalendar;
			productReference = A4B8CBF822146FF4004E9741 /* 3DCalendar.app */;
			productType = "com.apple.product-type.application";
		};
		A4B8CC0D22146FF6004E9741 /* 3DCalendarTests */ = {
			isa = PBXNativeTarget;
			buildConfigurationList = A4B8CC2522146FF6004E9741 /* Build configuration list for PBXNativeTarget "3DCalendarTests" */;
			buildPhases = (
				A4B8CC0A22146FF6004E9741 /* Sources */,
				A4B8CC0B22146FF6004E9741 /* Frameworks */,
				A4B8CC0C22146FF6004E9741 /* Resources */,
			);
			buildRules = (
			);
			dependencies = (
				A4B8CC1022146FF6004E9741 /* PBXTargetDependency */,
			);
			name = 3DCalendarTests;
			productName = 3DCalendarTests;
			productReference = A4B8CC0E22146FF6004E9741 /* 3DCalendarTests.xctest */;
			productType = "com.apple.product-type.bundle.unit-test";
		};
		A4B8CC1822146FF6004E9741 /* 3DCalendarUITests */ = {
			isa = PBXNativeTarget;
			buildConfigurationList = A4B8CC2822146FF6004E9741 /* Build configuration list for PBXNativeTarget "3DCalendarUITests" */;
			buildPhases = (
				A4B8CC1522146FF6004E9741 /* Sources */,
				A4B8CC1622146FF6004E9741 /* Frameworks */,
				A4B8CC1722146FF6004E9741 /* Resources */,
			);
			buildRules = (
			);
			dependencies = (
				A4B8CC1B22146FF6004E9741 /* PBXTargetDependency */,
			);
			name = 3DCalendarUITests;
			productName = 3DCalendarUITests;
			productReference = A4B8CC1922146FF6004E9741 /* 3DCalendarUITests.xctest */;
			productType = "com.apple.product-type.bundle.ui-testing";
		};
/* End PBXNativeTarget section */

/* Begin PBXProject section */
		A4B8CBF022146FF4004E9741 /* Project object */ = {
			isa = PBXProject;
			attributes = {
				LastSwiftUpdateCheck = 1010;
				LastUpgradeCheck = 1010;
				ORGANIZATIONNAME = "Najia Haider";
				TargetAttributes = {
					A4B8CBF722146FF4004E9741 = {
						CreatedOnToolsVersion = 10.1;
					};
					A4B8CC0D22146FF6004E9741 = {
						CreatedOnToolsVersion = 10.1;
						TestTargetID = A4B8CBF722146FF4004E9741;
					};
					A4B8CC1822146FF6004E9741 = {
						CreatedOnToolsVersion = 10.1;
						TestTargetID = A4B8CBF722146FF4004E9741;
					};
				};
			};
			buildConfigurationList = A4B8CBF322146FF4004E9741 /* Build configuration list for PBXProject "3DCalendar" */;
			compatibilityVersion = "Xcode 9.3";
			developmentRegion = en;
			hasScannedForEncodings = 0;
			knownRegions = (
				en,
				Base,
			);
			mainGroup = A4B8CBEF22146FF4004E9741;
			productRefGroup = A4B8CBF922146FF4004E9741 /* Products */;
			projectDirPath = "";
			projectRoot = "";
			targets = (
				A4B8CBF722146FF4004E9741 /* 3DCalendar */,
				A4B8CC0D22146FF6004E9741 /* 3DCalendarTests */,
				A4B8CC1822146FF6004E9741 /* 3DCalendarUITests */,
			);
		};
/* End PBXProject section */

/* Begin PBXResourcesBuildPhase section */
		A4B8CBF622146FF4004E9741 /* Resources */ = {
			isa = PBXResourcesBuildPhase;
			buildActionMask = 2147483647;
			files = (
				A4B8CC0822146FF6004E9741 /* LaunchScreen.storyboard in Resources */,
				A4B8CC2C22147024004E9741 /* dodecahedron.scnassets in Resources */,
				A4814C4822972E40004D8A25 /* CalendarViewController.storyboard in Resources */,
				A4B8CC0522146FF6004E9741 /* Assets.xcassets in Resources */,
				A4B8CC0322146FF4004E9741 /* Main.storyboard in Resources */,
			);
			runOnlyForDeploymentPostprocessing = 0;
		};
		A4B8CC0C22146FF6004E9741 /* Resources */ = {
			isa = PBXResourcesBuildPhase;
			buildActionMask = 2147483647;
			files = (
			);
			runOnlyForDeploymentPostprocessing = 0;
		};
		A4B8CC1722146FF6004E9741 /* Resources */ = {
			isa = PBXResourcesBuildPhase;
			buildActionMask = 2147483647;
			files = (
			);
			runOnlyForDeploymentPostprocessing = 0;
		};
/* End PBXResourcesBuildPhase section */

/* Begin PBXSourcesBuildPhase section */
		A4B8CBF422146FF4004E9741 /* Sources */ = {
			isa = PBXSourcesBuildPhase;
			buildActionMask = 2147483647;
			files = (
				A4814C4422972D90004D8A25 /* CalendarViewController.swift in Sources */,
				A4B971DC230DBA4600BFE639 /* Color.swift in Sources */,
				A4B8CC0022146FF4004E9741 /* ViewController.swift in Sources */,
				A4B8CBFC22146FF4004E9741 /* AppDelegate.swift in Sources */,
				A4F8FF5322CBF191001D3DDD /* DateCollectionViewCell.swift in Sources */,
				5C95E66122CD306100B54D57 /* DateFormatter.swift in Sources */,
			);
			runOnlyForDeploymentPostprocessing = 0;
		};
		A4B8CC0A22146FF6004E9741 /* Sources */ = {
			isa = PBXSourcesBuildPhase;
			buildActionMask = 2147483647;
			files = (
				A4B8CC1322146FF6004E9741 /* _DCalendarTests.swift in Sources */,
			);
			runOnlyForDeploymentPostprocessing = 0;
		};
		A4B8CC1522146FF6004E9741 /* Sources */ = {
			isa = PBXSourcesBuildPhase;
			buildActionMask = 2147483647;
			files = (
				A4B8CC1E22146FF6004E9741 /* _DCalendarUITests.swift in Sources */,
			);
			runOnlyForDeploymentPostprocessing = 0;
		};
/* End PBXSourcesBuildPhase section */

/* Begin PBXTargetDependency section */
		A4B8CC1022146FF6004E9741 /* PBXTargetDependency */ = {
			isa = PBXTargetDependency;
			target = A4B8CBF722146FF4004E9741 /* 3DCalendar */;
			targetProxy = A4B8CC0F22146FF6004E9741 /* PBXContainerItemProxy */;
		};
		A4B8CC1B22146FF6004E9741 /* PBXTargetDependency */ = {
			isa = PBXTargetDependency;
			target = A4B8CBF722146FF4004E9741 /* 3DCalendar */;
			targetProxy = A4B8CC1A22146FF6004E9741 /* PBXContainerItemProxy */;
		};
/* End PBXTargetDependency section */

/* Begin PBXVariantGroup section */
		A4B8CC0122146FF4004E9741 /* Main.storyboard */ = {
			isa = PBXVariantGroup;
			children = (
				A4B8CC0222146FF4004E9741 /* Base */,
			);
			name = Main.storyboard;
			sourceTree = "<group>";
		};
		A4B8CC0622146FF6004E9741 /* LaunchScreen.storyboard */ = {
			isa = PBXVariantGroup;
			children = (
				A4B8CC0722146FF6004E9741 /* Base */,
			);
			name = LaunchScreen.storyboard;
			sourceTree = "<group>";
		};
/* End PBXVariantGroup section */

/* Begin XCBuildConfiguration section */
		A4B8CC2022146FF6004E9741 /* Debug */ = {
			isa = XCBuildConfiguration;
			buildSettings = {
				ALWAYS_SEARCH_USER_PATHS = NO;
				CLANG_ANALYZER_NONNULL = YES;
				CLANG_ANALYZER_NUMBER_OBJECT_CONVERSION = YES_AGGRESSIVE;
				CLANG_CXX_LANGUAGE_STANDARD = "gnu++14";
				CLANG_CXX_LIBRARY = "libc++";
				CLANG_ENABLE_MODULES = YES;
				CLANG_ENABLE_OBJC_ARC = YES;
				CLANG_ENABLE_OBJC_WEAK = YES;
				CLANG_WARN_BLOCK_CAPTURE_AUTORELEASING = YES;
				CLANG_WARN_BOOL_CONVERSION = YES;
				CLANG_WARN_COMMA = YES;
				CLANG_WARN_CONSTANT_CONVERSION = YES;
				CLANG_WARN_DEPRECATED_OBJC_IMPLEMENTATIONS = YES;
				CLANG_WARN_DIRECT_OBJC_ISA_USAGE = YES_ERROR;
				CLANG_WARN_DOCUMENTATION_COMMENTS = YES;
				CLANG_WARN_EMPTY_BODY = YES;
				CLANG_WARN_ENUM_CONVERSION = YES;
				CLANG_WARN_INFINITE_RECURSION = YES;
				CLANG_WARN_INT_CONVERSION = YES;
				CLANG_WARN_NON_LITERAL_NULL_CONVERSION = YES;
				CLANG_WARN_OBJC_IMPLICIT_RETAIN_SELF = YES;
				CLANG_WARN_OBJC_LITERAL_CONVERSION = YES;
				CLANG_WARN_OBJC_ROOT_CLASS = YES_ERROR;
				CLANG_WARN_RANGE_LOOP_ANALYSIS = YES;
				CLANG_WARN_STRICT_PROTOTYPES = YES;
				CLANG_WARN_SUSPICIOUS_MOVE = YES;
				CLANG_WARN_UNGUARDED_AVAILABILITY = YES_AGGRESSIVE;
				CLANG_WARN_UNREACHABLE_CODE = YES;
				CLANG_WARN__DUPLICATE_METHOD_MATCH = YES;
				CODE_SIGN_IDENTITY = "iPhone Developer";
				COPY_PHASE_STRIP = NO;
				DEBUG_INFORMATION_FORMAT = dwarf;
				ENABLE_STRICT_OBJC_MSGSEND = YES;
				ENABLE_TESTABILITY = YES;
				GCC_C_LANGUAGE_STANDARD = gnu11;
				GCC_DYNAMIC_NO_PIC = NO;
				GCC_NO_COMMON_BLOCKS = YES;
				GCC_OPTIMIZATION_LEVEL = 0;
				GCC_PREPROCESSOR_DEFINITIONS = (
					"DEBUG=1",
					"$(inherited)",
				);
				GCC_WARN_64_TO_32_BIT_CONVERSION = YES;
				GCC_WARN_ABOUT_RETURN_TYPE = YES_ERROR;
				GCC_WARN_UNDECLARED_SELECTOR = YES;
				GCC_WARN_UNINITIALIZED_AUTOS = YES_AGGRESSIVE;
				GCC_WARN_UNUSED_FUNCTION = YES;
				GCC_WARN_UNUSED_VARIABLE = YES;
				IPHONEOS_DEPLOYMENT_TARGET = 12.1;
				MTL_ENABLE_DEBUG_INFO = INCLUDE_SOURCE;
				MTL_FAST_MATH = YES;
				ONLY_ACTIVE_ARCH = YES;
				SDKROOT = iphoneos;
				SWIFT_ACTIVE_COMPILATION_CONDITIONS = DEBUG;
				SWIFT_OPTIMIZATION_LEVEL = "-Onone";
			};
			name = Debug;
		};
		A4B8CC2122146FF6004E9741 /* Release */ = {
			isa = XCBuildConfiguration;
			buildSettings = {
				ALWAYS_SEARCH_USER_PATHS = NO;
				CLANG_ANALYZER_NONNULL = YES;
				CLANG_ANALYZER_NUMBER_OBJECT_CONVERSION = YES_AGGRESSIVE;
				CLANG_CXX_LANGUAGE_STANDARD = "gnu++14";
				CLANG_CXX_LIBRARY = "libc++";
				CLANG_ENABLE_MODULES = YES;
				CLANG_ENABLE_OBJC_ARC = YES;
				CLANG_ENABLE_OBJC_WEAK = YES;
				CLANG_WARN_BLOCK_CAPTURE_AUTORELEASING = YES;
				CLANG_WARN_BOOL_CONVERSION = YES;
				CLANG_WARN_COMMA = YES;
				CLANG_WARN_CONSTANT_CONVERSION = YES;
				CLANG_WARN_DEPRECATED_OBJC_IMPLEMENTATIONS = YES;
				CLANG_WARN_DIRECT_OBJC_ISA_USAGE = YES_ERROR;
				CLANG_WARN_DOCUMENTATION_COMMENTS = YES;
				CLANG_WARN_EMPTY_BODY = YES;
				CLANG_WARN_ENUM_CONVERSION = YES;
				CLANG_WARN_INFINITE_RECURSION = YES;
				CLANG_WARN_INT_CONVERSION = YES;
				CLANG_WARN_NON_LITERAL_NULL_CONVERSION = YES;
				CLANG_WARN_OBJC_IMPLICIT_RETAIN_SELF = YES;
				CLANG_WARN_OBJC_LITERAL_CONVERSION = YES;
				CLANG_WARN_OBJC_ROOT_CLASS = YES_ERROR;
				CLANG_WARN_RANGE_LOOP_ANALYSIS = YES;
				CLANG_WARN_STRICT_PROTOTYPES = YES;
				CLANG_WARN_SUSPICIOUS_MOVE = YES;
				CLANG_WARN_UNGUARDED_AVAILABILITY = YES_AGGRESSIVE;
				CLANG_WARN_UNREACHABLE_CODE = YES;
				CLANG_WARN__DUPLICATE_METHOD_MATCH = YES;
				CODE_SIGN_IDENTITY = "iPhone Developer";
				COPY_PHASE_STRIP = NO;
				DEBUG_INFORMATION_FORMAT = "dwarf-with-dsym";
				ENABLE_NS_ASSERTIONS = NO;
				ENABLE_STRICT_OBJC_MSGSEND = YES;
				GCC_C_LANGUAGE_STANDARD = gnu11;
				GCC_NO_COMMON_BLOCKS = YES;
				GCC_WARN_64_TO_32_BIT_CONVERSION = YES;
				GCC_WARN_ABOUT_RETURN_TYPE = YES_ERROR;
				GCC_WARN_UNDECLARED_SELECTOR = YES;
				GCC_WARN_UNINITIALIZED_AUTOS = YES_AGGRESSIVE;
				GCC_WARN_UNUSED_FUNCTION = YES;
				GCC_WARN_UNUSED_VARIABLE = YES;
				IPHONEOS_DEPLOYMENT_TARGET = 12.1;
				MTL_ENABLE_DEBUG_INFO = NO;
				MTL_FAST_MATH = YES;
				SDKROOT = iphoneos;
				SWIFT_COMPILATION_MODE = wholemodule;
				SWIFT_OPTIMIZATION_LEVEL = "-O";
				VALIDATE_PRODUCT = YES;
			};
			name = Release;
		};
		A4B8CC2322146FF6004E9741 /* Debug */ = {
			isa = XCBuildConfiguration;
			buildSettings = {
				ASSETCATALOG_COMPILER_APPICON_NAME = AppIcon;
				CODE_SIGN_STYLE = Automatic;
				DEVELOPMENT_TEAM = 7UMFPW78PV;
				INFOPLIST_FILE = 3DCalendar/Info.plist;
				IPHONEOS_DEPLOYMENT_TARGET = 12.2;
				LD_RUNPATH_SEARCH_PATHS = (
					"$(inherited)",
					"@executable_path/Frameworks",
				);
				PRODUCT_BUNDLE_IDENTIFIER = "comNAH.-DCalendar";
				PRODUCT_NAME = "$(TARGET_NAME)";
				SWIFT_VERSION = 4.2;
				TARGETED_DEVICE_FAMILY = "1,2";
			};
			name = Debug;
		};
		A4B8CC2422146FF6004E9741 /* Release */ = {
			isa = XCBuildConfiguration;
			buildSettings = {
				ASSETCATALOG_COMPILER_APPICON_NAME = AppIcon;
				CODE_SIGN_STYLE = Automatic;
				DEVELOPMENT_TEAM = 7UMFPW78PV;
				INFOPLIST_FILE = 3DCalendar/Info.plist;
				IPHONEOS_DEPLOYMENT_TARGET = 12.2;
				LD_RUNPATH_SEARCH_PATHS = (
					"$(inherited)",
					"@executable_path/Frameworks",
				);
				PRODUCT_BUNDLE_IDENTIFIER = "comNAH.-DCalendar";
				PRODUCT_NAME = "$(TARGET_NAME)";
				SWIFT_VERSION = 4.2;
				TARGETED_DEVICE_FAMILY = "1,2";
			};
			name = Release;
		};
		A4B8CC2622146FF6004E9741 /* Debug */ = {
			isa = XCBuildConfiguration;
			buildSettings = {
				ALWAYS_EMBED_SWIFT_STANDARD_LIBRARIES = YES;
				BUNDLE_LOADER = "$(TEST_HOST)";
				CODE_SIGN_STYLE = Automatic;
				DEVELOPMENT_TEAM = Y32EQUAEWX;
				INFOPLIST_FILE = 3DCalendarTests/Info.plist;
				LD_RUNPATH_SEARCH_PATHS = (
					"$(inherited)",
					"@executable_path/Frameworks",
					"@loader_path/Frameworks",
				);
				PRODUCT_BUNDLE_IDENTIFIER = "comNAH.-DCalendarTests";
				PRODUCT_NAME = "$(TARGET_NAME)";
				SWIFT_VERSION = 4.2;
				TARGETED_DEVICE_FAMILY = "1,2";
				TEST_HOST = "$(BUILT_PRODUCTS_DIR)/3DCalendar.app/3DCalendar";
			};
			name = Debug;
		};
		A4B8CC2722146FF6004E9741 /* Release */ = {
			isa = XCBuildConfiguration;
			buildSettings = {
				ALWAYS_EMBED_SWIFT_STANDARD_LIBRARIES = YES;
				BUNDLE_LOADER = "$(TEST_HOST)";
				CODE_SIGN_STYLE = Automatic;
				DEVELOPMENT_TEAM = Y32EQUAEWX;
				INFOPLIST_FILE = 3DCalendarTests/Info.plist;
				LD_RUNPATH_SEARCH_PATHS = (
					"$(inherited)",
					"@executable_path/Frameworks",
					"@loader_path/Frameworks",
				);
				PRODUCT_BUNDLE_IDENTIFIER = "comNAH.-DCalendarTests";
				PRODUCT_NAME = "$(TARGET_NAME)";
				SWIFT_VERSION = 4.2;
				TARGETED_DEVICE_FAMILY = "1,2";
				TEST_HOST = "$(BUILT_PRODUCTS_DIR)/3DCalendar.app/3DCalendar";
			};
			name = Release;
		};
		A4B8CC2922146FF6004E9741 /* Debug */ = {
			isa = XCBuildConfiguration;
			buildSettings = {
				ALWAYS_EMBED_SWIFT_STANDARD_LIBRARIES = YES;
				CODE_SIGN_STYLE = Automatic;
				DEVELOPMENT_TEAM = Y32EQUAEWX;
				INFOPLIST_FILE = 3DCalendarUITests/Info.plist;
				LD_RUNPATH_SEARCH_PATHS = (
					"$(inherited)",
					"@executable_path/Frameworks",
					"@loader_path/Frameworks",
				);
				PRODUCT_BUNDLE_IDENTIFIER = "comNAH.-DCalendarUITests";
				PRODUCT_NAME = "$(TARGET_NAME)";
				SWIFT_VERSION = 4.2;
				TARGETED_DEVICE_FAMILY = "1,2";
				TEST_TARGET_NAME = 3DCalendar;
			};
			name = Debug;
		};
		A4B8CC2A22146FF6004E9741 /* Release */ = {
			isa = XCBuildConfiguration;
			buildSettings = {
				ALWAYS_EMBED_SWIFT_STANDARD_LIBRARIES = YES;
				CODE_SIGN_STYLE = Automatic;
				DEVELOPMENT_TEAM = Y32EQUAEWX;
				INFOPLIST_FILE = 3DCalendarUITests/Info.plist;
				LD_RUNPATH_SEARCH_PATHS = (
					"$(inherited)",
					"@executable_path/Frameworks",
					"@loader_path/Frameworks",
				);
				PRODUCT_BUNDLE_IDENTIFIER = "comNAH.-DCalendarUITests";
				PRODUCT_NAME = "$(TARGET_NAME)";
				SWIFT_VERSION = 4.2;
				TARGETED_DEVICE_FAMILY = "1,2";
				TEST_TARGET_NAME = 3DCalendar;
			};
			name = Release;
		};
/* End XCBuildConfiguration section */

/* Begin XCConfigurationList section */
		A4B8CBF322146FF4004E9741 /* Build configuration list for PBXProject "3DCalendar" */ = {
			isa = XCConfigurationList;
			buildConfigurations = (
				A4B8CC2022146FF6004E9741 /* Debug */,
				A4B8CC2122146FF6004E9741 /* Release */,
			);
			defaultConfigurationIsVisible = 0;
			defaultConfigurationName = Release;
		};
		A4B8CC2222146FF6004E9741 /* Build configuration list for PBXNativeTarget "3DCalendar" */ = {
			isa = XCConfigurationList;
			buildConfigurations = (
				A4B8CC2322146FF6004E9741 /* Debug */,
				A4B8CC2422146FF6004E9741 /* Release */,
			);
			defaultConfigurationIsVisible = 0;
			defaultConfigurationName = Release;
		};
		A4B8CC2522146FF6004E9741 /* Build configuration list for PBXNativeTarget "3DCalendarTests" */ = {
			isa = XCConfigurationList;
			buildConfigurations = (
				A4B8CC2622146FF6004E9741 /* Debug */,
				A4B8CC2722146FF6004E9741 /* Release */,
			);
			defaultConfigurationIsVisible = 0;
			defaultConfigurationName = Release;
		};
		A4B8CC2822146FF6004E9741 /* Build configuration list for PBXNativeTarget "3DCalendarUITests" */ = {
			isa = XCConfigurationList;
			buildConfigurations = (
				A4B8CC2922146FF6004E9741 /* Debug */,
				A4B8CC2A22146FF6004E9741 /* Release */,
			);
			defaultConfigurationIsVisible = 0;
			defaultConfigurationName = Release;
		};
/* End XCConfigurationList section */
	};
	rootObject = A4B8CBF022146FF4004E9741 /* Project object */;
}
